
Microsoft Visual Studio Solution File, Format Version 11.00
# Visual Studio 2010
Project("{FAE04EC0-301F-11D3-BF4B-00C04F79EFBC}") = "Assembly-CSharp", "Assembly-CSharp.csproj", "{1323c015-84e6-1662-8f8b-14512177c69c}"
EndProject
Global
	GlobalSection(SolutionConfigurationPlatforms) = preSolution
		Debug|Any CPU = Debug|Any CPU
		Release|Any CPU = Release|Any CPU
	EndGlobalSection
	GlobalSection(ProjectConfigurationPlatforms) = postSolution
		{1323c015-84e6-1662-8f8b-14512177c69c}.Debug|Any CPU.ActiveCfg = Debug|Any CPU
		{1323c015-84e6-1662-8f8b-14512177c69c}.Debug|Any CPU.Build.0 = Debug|Any CPU
		{1323c015-84e6-1662-8f8b-14512177c69c}.Release|Any CPU.ActiveCfg = Release|Any CPU
		{1323c015-84e6-1662-8f8b-14512177c69c}.Release|Any CPU.Build.0 = Release|Any CPU
	EndGlobalSection
	GlobalSection(SolutionProperties) = preSolution
		HideSolutionNode = FALSE
	EndGlobalSection
EndGlobal
